
Microsoft Visual Studio Solution File, Format Version 12.00
Project("{FAE04EC0-301F-11D3-BF4B-00C04F79EFBC}") = "DeferralService", "DeferralService\DeferralService.csproj", "{61A26881-F718-42EB-A266-E51B5CDAB019}"
EndProject
Project("{FAE04EC0-301F-11D3-BF4B-00C04F79EFBC}") = "EventConsumer", "EventConsumer\EventConsumer.csproj", "{7E2741E8-5EA9-48FE-A953-E120FBD0D005}"
EndProject
Project("{FAE04EC0-301F-11D3-BF4B-00C04F79EFBC}") = "EventProducer", "EventProducer\EventProducer.csproj", "{F1CCE508-014E-48BA-983F-84B48199E285}"
EndProject
Project("{FAE04EC0-301F-11D3-BF4B-00C04F79EFBC}") = "Messaging.Support", "Messaging.Support\Messaging.Support.csproj", "{FE5CD769-0990-42D9-923A-A04D5CEE8ECC}"
EndProject
Global
	GlobalSection(SolutionConfigurationPlatforms) = preSolution
		Debug|Any CPU = Debug|Any CPU
		Release|Any CPU = Release|Any CPU
	EndGlobalSection
	GlobalSection(ProjectConfigurationPlatforms) = postSolution
		{61A26881-F718-42EB-A266-E51B5CDAB019}.Debug|Any CPU.ActiveCfg = Debug|Any CPU
		{61A26881-F718-42EB-A266-E51B5CDAB019}.Debug|Any CPU.Build.0 = Debug|Any CPU
		{61A26881-F718-42EB-A266-E51B5CDAB019}.Release|Any CPU.ActiveCfg = Release|Any CPU
		{61A26881-F718-42EB-A266-E51B5CDAB019}.Release|Any CPU.Build.0 = Release|Any CPU
		{7E2741E8-5EA9-48FE-A953-E120FBD0D005}.Debug|Any CPU.ActiveCfg = Debug|Any CPU
		{7E2741E8-5EA9-48FE-A953-E120FBD0D005}.Debug|Any CPU.Build.0 = Debug|Any CPU
		{7E2741E8-5EA9-48FE-A953-E120FBD0D005}.Release|Any CPU.ActiveCfg = Release|Any CPU
		{7E2741E8-5EA9-48FE-A953-E120FBD0D005}.Release|Any CPU.Build.0 = Release|Any CPU
		{F1CCE508-014E-48BA-983F-84B48199E285}.Debug|Any CPU.ActiveCfg = Debug|Any CPU
		{F1CCE508-014E-48BA-983F-84B48199E285}.Debug|Any CPU.Build.0 = Debug|Any CPU
		{F1CCE508-014E-48BA-983F-84B48199E285}.Release|Any CPU.ActiveCfg = Release|Any CPU
		{F1CCE508-014E-48BA-983F-84B48199E285}.Release|Any CPU.Build.0 = Release|Any CPU
		{FE5CD769-0990-42D9-923A-A04D5CEE8ECC}.Debug|Any CPU.ActiveCfg = Debug|Any CPU
		{FE5CD769-0990-42D9-923A-A04D5CEE8ECC}.Debug|Any CPU.Build.0 = Debug|Any CPU
		{FE5CD769-0990-42D9-923A-A04D5CEE8ECC}.Release|Any CPU.ActiveCfg = Release|Any CPU
		{FE5CD769-0990-42D9-923A-A04D5CEE8ECC}.Release|Any CPU.Build.0 = Release|Any CPU
	EndGlobalSection
EndGlobal
